
Microsoft Visual Studio Solution File, Format Version 12.00
# Visual Studio Version 17
VisualStudioVersion = 17.13.35931.197 d17.13
MinimumVisualStudioVersion = 10.0.40219.1
Project("{FAE04EC0-301F-11D3-BF4B-00C04F79EFBC}") = "VargasM-Evaluación2P", "VargasM-Evaluación2P\VargasM-Evaluación2P.csproj", "{47290685-9075-4BB4-BD62-A687E5DAAE6D}"
EndProject
Global
	GlobalSection(SolutionConfigurationPlatforms) = preSolution
		Debug|Any CPU = Debug|Any CPU
		Release|Any CPU = Release|Any CPU
	EndGlobalSection
	GlobalSection(ProjectConfigurationPlatforms) = postSolution
		{47290685-9075-4BB4-BD62-A687E5DAAE6D}.Debug|Any CPU.ActiveCfg = Debug|Any CPU
		{47290685-9075-4BB4-BD62-A687E5DAAE6D}.Debug|Any CPU.Build.0 = Debug|Any CPU
		{47290685-9075-4BB4-BD62-A687E5DAAE6D}.Debug|Any CPU.Deploy.0 = Debug|Any CPU
		{47290685-9075-4BB4-BD62-A687E5DAAE6D}.Release|Any CPU.ActiveCfg = Release|Any CPU
		{47290685-9075-4BB4-BD62-A687E5DAAE6D}.Release|Any CPU.Build.0 = Release|Any CPU
		{47290685-9075-4BB4-BD62-A687E5DAAE6D}.Release|Any CPU.Deploy.0 = Release|Any CPU
	EndGlobalSection
	GlobalSection(SolutionProperties) = preSolution
		HideSolutionNode = FALSE
	EndGlobalSection
	GlobalSection(ExtensibilityGlobals) = postSolution
		SolutionGuid = {74131E8F-1CB8-4366-8960-B936290835B8}
	EndGlobalSection
EndGlobal
